Microsoft Visual Studio Solution File, Format Version 12.00
# Visual Studio Version 17
VisualStudioVersion = 17.5.2.0
MinimumVisualStudioVersion = 10.0.40219.1
Project("{2150E333-8FDC-42A3-9474-1A3956D46DE8}") = "examples", "examples", "{B36A84DF-456D-A817-6EDD-3EC3E7F6E11F}"
EndProject
Project("{2150E333-8FDC-42A3-9474-1A3956D46DE8}") = "dotnet", "dotnet", "{9E09FF96-367B-7A25-3C2D-BD1EADA612D7}"
EndProject
Project("{FAE04EC0-301F-11D3-BF4B-00C04F79EFBC}") = "EventHubSender", "examples\dotnet\EventHubSender\EventHubSender.csproj", "{D4F69649-E65A-C454-2B85-8D757AE4E86E}"
EndProject
Project("{FAE04EC0-301F-11D3-BF4B-00C04F79EFBC}") = "EventHubReceiver", "examples\dotnet\EventHubReceiver\EventHubReceiver.csproj", "{2790E7B1-F987-AF80-239C-84AA833AF70A}"
EndProject
Global
	GlobalSection(SolutionConfigurationPlatforms) = preSolution
		Debug|Any CPU = Debug|Any CPU
		Release|Any CPU = Release|Any CPU
	EndGlobalSection
	GlobalSection(ProjectConfigurationPlatforms) = postSolution
		{D4F69649-E65A-C454-2B85-8D757AE4E86E}.Debug|Any CPU.ActiveCfg = Debug|Any CPU
		{D4F69649-E65A-C454-2B85-8D757AE4E86E}.Debug|Any CPU.Build.0 = Debug|Any CPU
		{D4F69649-E65A-C454-2B85-8D757AE4E86E}.Release|Any CPU.ActiveCfg = Release|Any CPU
		{D4F69649-E65A-C454-2B85-8D757AE4E86E}.Release|Any CPU.Build.0 = Release|Any CPU
		{2790E7B1-F987-AF80-239C-84AA833AF70A}.Debug|Any CPU.ActiveCfg = Debug|Any CPU
		{2790E7B1-F987-AF80-239C-84AA833AF70A}.Debug|Any CPU.Build.0 = Debug|Any CPU
		{2790E7B1-F987-AF80-239C-84AA833AF70A}.Release|Any CPU.ActiveCfg = Release|Any CPU
		{2790E7B1-F987-AF80-239C-84AA833AF70A}.Release|Any CPU.Build.0 = Release|Any CPU
	EndGlobalSection
	GlobalSection(SolutionProperties) = preSolution
		HideSolutionNode = FALSE
	EndGlobalSection
	GlobalSection(NestedProjects) = preSolution
		{9E09FF96-367B-7A25-3C2D-BD1EADA612D7} = {B36A84DF-456D-A817-6EDD-3EC3E7F6E11F}
		{D4F69649-E65A-C454-2B85-8D757AE4E86E} = {9E09FF96-367B-7A25-3C2D-BD1EADA612D7}
		{2790E7B1-F987-AF80-239C-84AA833AF70A} = {9E09FF96-367B-7A25-3C2D-BD1EADA612D7}
	EndGlobalSection
	GlobalSection(ExtensibilityGlobals) = postSolution
		SolutionGuid = {EEA1736A-81CD-4E46-AAF7-A995D5A304ED}
	EndGlobalSection
EndGlobal
